{
  "originHash" : "d4725f03589804238ec6da2107fee7e57c3e28614613bf23b98d41e01a99baf5",
  "pins" : [
    {
      "identity" : "sentry-cocoa",
      "kind" : "remoteSourceControl",
      "location" : "https://github.com/getsentry/sentry-cocoa.git",
      "state" : {
        "revision" : "8627bbc0e663238d516b541d8fc7edd62a627fde",
        "version" : "8.57.3"
      }
    }
  ],
  "version" : 3
}
